
Microsoft Visual Studio Solution File, Format Version 12.00
# Visual Studio 2013
VisualStudioVersion = 12.0.30723.0
MinimumVisualStudioVersion = 10.0.40219.1
Project("{FAE04EC0-301F-11D3-BF4B-00C04F79EFBC}") = "AuffEventsApi", "AuffEventsApi\AuffEventsApi.csproj", "{F4F31D39-E71E-4C94-8515-966AAD138929}"
EndProject
Project("{FAE04EC0-301F-11D3-BF4B-00C04F79EFBC}") = "AuffEventsApi.Tests", "AuffEventsApi.Tests\AuffEventsApi.Tests.csproj", "{6814991D-70A1-4A85-91DD-B384E281EF8C}"
EndProject
Project("{FAE04EC0-301F-11D3-BF4B-00C04F79EFBC}") = "AuffEventsMobileService", "AuffEventsMobileService\AuffEventsMobileService.csproj", "{8A4A404D-F38A-410C-A9CB-A6DE180DED6D}"
EndProject
Global
	GlobalSection(SolutionConfigurationPlatforms) = preSolution
		Debug|Any CPU = Debug|Any CPU
		Release|Any CPU = Release|Any CPU
	EndGlobalSection
	GlobalSection(ProjectConfigurationPlatforms) = postSolution
		{F4F31D39-E71E-4C94-8515-966AAD138929}.Debug|Any CPU.ActiveCfg = Debug|Any CPU
		{F4F31D39-E71E-4C94-8515-966AAD138929}.Debug|Any CPU.Build.0 = Debug|Any CPU
		{F4F31D39-E71E-4C94-8515-966AAD138929}.Release|Any CPU.ActiveCfg = Release|Any CPU
		{F4F31D39-E71E-4C94-8515-966AAD138929}.Release|Any CPU.Build.0 = Release|Any CPU
		{6814991D-70A1-4A85-91DD-B384E281EF8C}.Debug|Any CPU.ActiveCfg = Debug|Any CPU
		{6814991D-70A1-4A85-91DD-B384E281EF8C}.Debug|Any CPU.Build.0 = Debug|Any CPU
		{6814991D-70A1-4A85-91DD-B384E281EF8C}.Release|Any CPU.ActiveCfg = Release|Any CPU
		{6814991D-70A1-4A85-91DD-B384E281EF8C}.Release|Any CPU.Build.0 = Release|Any CPU
		{8A4A404D-F38A-410C-A9CB-A6DE180DED6D}.Debug|Any CPU.ActiveCfg = Debug|Any CPU
		{8A4A404D-F38A-410C-A9CB-A6DE180DED6D}.Debug|Any CPU.Build.0 = Debug|Any CPU
		{8A4A404D-F38A-410C-A9CB-A6DE180DED6D}.Release|Any CPU.ActiveCfg = Release|Any CPU
		{8A4A404D-F38A-410C-A9CB-A6DE180DED6D}.Release|Any CPU.Build.0 = Release|Any CPU
	EndGlobalSection
	GlobalSection(SolutionProperties) = preSolution
		HideSolutionNode = FALSE
	EndGlobalSection
EndGlobal
